
Microsoft Visual Studio Solution File, Format Version 12.00
# Visual Studio 15
VisualStudioVersion = 15.0.26730.12
MinimumVisualStudioVersion = 10.0.40219.1
Project("{8BC9CEB8-8B4A-11D0-8D11-00A0C91BC942}") = "sqeqg", "sqeqg\sqeqg.vcxproj", "{B8D353B2-464E-4E20-B901-474BBB8C389B}"
EndProject
Global
	GlobalSection(SolutionConfigurationPlatforms) = preSolution
		Debug|x64 = Debug|x64
		Debug|x86 = Debug|x86
		Release|x64 = Release|x64
		Release|x86 = Release|x86
	EndGlobalSection
	GlobalSection(ProjectConfigurationPlatforms) = postSolution
		{B8D353B2-464E-4E20-B901-474BBB8C389B}.Debug|x64.ActiveCfg = Debug|x64
		{B8D353B2-464E-4E20-B901-474BBB8C389B}.Debug|x64.Build.0 = Debug|x64
		{B8D353B2-464E-4E20-B901-474BBB8C389B}.Debug|x86.ActiveCfg = Debug|Win32
		{B8D353B2-464E-4E20-B901-474BBB8C389B}.Debug|x86.Build.0 = Debug|Win32
		{B8D353B2-464E-4E20-B901-474BBB8C389B}.Release|x64.ActiveCfg = Release|x64
		{B8D353B2-464E-4E20-B901-474BBB8C389B}.Release|x64.Build.0 = Release|x64
		{B8D353B2-464E-4E20-B901-474BBB8C389B}.Release|x86.ActiveCfg = Release|Win32
		{B8D353B2-464E-4E20-B901-474BBB8C389B}.Release|x86.Build.0 = Release|Win32
	EndGlobalSection
	GlobalSection(SolutionProperties) = preSolution
		HideSolutionNode = FALSE
	EndGlobalSection
	GlobalSection(ExtensibilityGlobals) = postSolution
		SolutionGuid = {A2F8E9F0-38D2-4298-BC9C-70E8E8A9AD54}
	EndGlobalSection
EndGlobal
